{
    "name": "day21",
    "version": "1.0.0",
    "lockfileVersion": 3,
    "requires": true,
    "packages": {
        "": {
            "name": "day21",
            "version": "1.0.0",
            "license": "ISC",
            "devDependencies": {
                "chalk": "^5.3.0",
                "nerdamer": "^1.1.13",
                "z3-solver": "^4.12.4"
            }
        },
        "node_modules/async-mutex": {
            "version": "0.3.2",
            "resolved": "https://registry.npmjs.org/async-mutex/-/async-mutex-0.3.2.tgz",
            "integrity": "sha512-HuTK7E7MT7jZEh1P9GtRW9+aTWiDWWi9InbZ5hjxrnRa39KS4BW04+xLBhYNS2aXhHUIKZSw3gj4Pn1pj+qGAA==",
            "dev": true,
            "dependencies": {
                "tslib": "^2.3.1"
            }
        },
        "node_modules/chalk": {
            "version": "5.3.0",
            "resolved": "https://registry.npmjs.org/chalk/-/chalk-5.3.0.tgz",
            "integrity": "sha512-dLitG79d+GV1Nb/VYcCDFivJeK1hiukt9QjRNVOsUtTy1rR1YJsmpGGTZ3qJos+uw7WmWF4wUwBd9jxjocFC2w==",
            "dev": true,
            "engines": {
                "node": "^12.17.0 || ^14.13 || >=16.0.0"
            },
            "funding": {
                "url": "https://github.com/chalk/chalk?sponsor=1"
            }
        },
        "node_modules/nerdamer": {
            "version": "1.1.13",
            "resolved": "https://registry.npmjs.org/nerdamer/-/nerdamer-1.1.13.tgz",
            "integrity": "sha512-kQGQYd42eQpKDOnU8ZnRKF47c+gK6jVC46eUchrABsovtFruHvsjyjBO32jck8QnpZE5z5R8HQw72hQX9Oq2MQ==",
            "dev": true,
            "engines": {
                "node": ">=0.10.0"
            }
        },
        "node_modules/tslib": {
            "version": "2.6.2",
            "resolved": "https://registry.npmjs.org/tslib/-/tslib-2.6.2.tgz",
            "integrity": "sha512-AEYxH93jGFPn/a2iVAwW87VuUIkR1FVUKB77NwMF7nBTDkDrrT/Hpt/IrCJ0QXhW27jTBDcf5ZY7w6RiqTMw2Q==",
            "dev": true
        },
        "node_modules/z3-solver": {
            "version": "4.12.4",
            "resolved": "https://registry.npmjs.org/z3-solver/-/z3-solver-4.12.4.tgz",
            "integrity": "sha512-B9ymul40bvtGSW0OQYfcYan1EhGm0JV/HgbO24JikIhuEOUv2+mdcOVd4V3q89UOx2mA0MOv+6d5msVF+/yJ6g==",
            "dev": true,
            "dependencies": {
                "async-mutex": "^0.3.2"
            },
            "engines": {
                "node": ">=16"
            }
        }
    }
}
