{
  "name": "day21",
  "version": "1.0.0",
  "lockfileVersion": 3,
  "requires": true,
  "packages": {
    "": {
      "name": "day21",
      "version": "1.0.0",
      "license": "ISC",
      "devDependencies": {
        "lodash": "^4.17.21",
        "regression": "^2.0.1"
      }
    },
    "node_modules/lodash": {
      "version": "4.17.21",
      "resolved": "https://registry.npmjs.org/lodash/-/lodash-4.17.21.tgz",
      "integrity": "sha512-v2kDEe57lecTulaDIuNTPy3Ry4gLGJ6Z1O3vE1krgXZNrsQ+LFTGHVxVjcXPs17LhbZVGedAJv8XZ1tvj5FvSg==",
      "dev": true
    },
    "node_modules/regression": {
      "version": "2.0.1",
      "resolved": "https://registry.npmjs.org/regression/-/regression-2.0.1.tgz",
      "integrity": "sha512-A4XYsc37dsBaNOgEjkJKzfJlE394IMmUPlI/p3TTI9u3T+2a+eox5Pr/CPUqF0eszeWZJPAc6QkroAhuUpWDJQ==",
      "dev": true
    }
  }
}
