{
  "name": "day21",
  "version": "1.0.0",
  "lockfileVersion": 3,
  "requires": true,
  "packages": {
    "": {
      "name": "day21",
      "version": "1.0.0",
      "license": "ISC",
      "devDependencies": {
        "chalk": "^5.3.0",
        "graphology": "^0.25.4",
        "graphology-gexf": "^0.12.1",
        "graphology-shortest-path": "^2.0.2",
        "graphology-simple-path": "^0.2.0"
      }
    },
    "node_modules/@xmldom/xmldom": {
      "version": "0.8.10",
      "resolved": "https://registry.npmjs.org/@xmldom/xmldom/-/xmldom-0.8.10.tgz",
      "integrity": "sha512-2WALfTl4xo2SkGCYRt6rDTFfk9R1czmBvUQy12gK2KuRKIpWEhcbbzy8EZXtz/jkRqHX8bFEc6FC1HjX4TUWYw==",
      "dev": true,
      "engines": {
        "node": ">=10.0.0"
      }
    },
    "node_modules/@yomguithereal/helpers": {
      "version": "1.1.1",
      "resolved": "https://registry.npmjs.org/@yomguithereal/helpers/-/helpers-1.1.1.tgz",
      "integrity": "sha512-UYvAq/XCA7xoh1juWDYsq3W0WywOB+pz8cgVnE1b45ZfdMhBvHDrgmSFG3jXeZSr2tMTYLGHFHON+ekG05Jebg==",
      "dev": true
    },
    "node_modules/chalk": {
      "version": "5.3.0",
      "resolved": "https://registry.npmjs.org/chalk/-/chalk-5.3.0.tgz",
      "integrity": "sha512-dLitG79d+GV1Nb/VYcCDFivJeK1hiukt9QjRNVOsUtTy1rR1YJsmpGGTZ3qJos+uw7WmWF4wUwBd9jxjocFC2w==",
      "dev": true,
      "engines": {
        "node": "^12.17.0 || ^14.13 || >=16.0.0"
      },
      "funding": {
        "url": "https://github.com/chalk/chalk?sponsor=1"
      }
    },
    "node_modules/events": {
      "version": "3.3.0",
      "resolved": "https://registry.npmjs.org/events/-/events-3.3.0.tgz",
      "integrity": "sha512-mQw+2fkQbALzQ7V0MY0IqdnXNOeTtP4r0lN9z7AAawCXgqea7bDii20AYrIBrFd/Hx0M2Ocz6S111CaFkUcb0Q==",
      "dev": true,
      "engines": {
        "node": ">=0.8.x"
      }
    },
    "node_modules/graphology": {
      "version": "0.25.4",
      "resolved": "https://registry.npmjs.org/graphology/-/graphology-0.25.4.tgz",
      "integrity": "sha512-33g0Ol9nkWdD6ulw687viS8YJQBxqG5LWII6FI6nul0pq6iM2t5EKquOTFDbyTblRB3O9I+7KX4xI8u5ffekAQ==",
      "dev": true,
      "dependencies": {
        "events": "^3.3.0",
        "obliterator": "^2.0.2"
      },
      "peerDependencies": {
        "graphology-types": ">=0.24.0"
      }
    },
    "node_modules/graphology-gexf": {
      "version": "0.12.1",
      "resolved": "https://registry.npmjs.org/graphology-gexf/-/graphology-gexf-0.12.1.tgz",
      "integrity": "sha512-KVh5zeDrARrK+pswLnNBZauPeG5BrfJNAJecxO1YwzOdgzyo/oMeB79hb6SwVM2Vf/BxrDrP1Zghtd/mTbjh4A==",
      "dev": true,
      "dependencies": {
        "@xmldom/xmldom": "^0.8.3",
        "graphology-utils": "^2.4.1",
        "xml-writer": "^1.7.0"
      },
      "peerDependencies": {
        "graphology-types": ">=0.20.0"
      }
    },
    "node_modules/graphology-gexf/node_modules/graphology-utils": {
      "version": "2.5.2",
      "resolved": "https://registry.npmjs.org/graphology-utils/-/graphology-utils-2.5.2.tgz",
      "integrity": "sha512-ckHg8MXrXJkOARk56ZaSCM1g1Wihe2d6iTmz1enGOz4W/l831MBCKSayeFQfowgF8wd+PQ4rlch/56Vs/VZLDQ==",
      "dev": true,
      "peerDependencies": {
        "graphology-types": ">=0.23.0"
      }
    },
    "node_modules/graphology-indices": {
      "version": "0.17.0",
      "resolved": "https://registry.npmjs.org/graphology-indices/-/graphology-indices-0.17.0.tgz",
      "integrity": "sha512-A7RXuKQvdqSWOpn7ZVQo4S33O0vCfPBnUSf7FwE0zNCasqwZVUaCXePuWo5HBpWw68KJcwObZDHpFk6HKH6MYQ==",
      "dev": true,
      "dependencies": {
        "graphology-utils": "^2.4.2",
        "mnemonist": "^0.39.0"
      },
      "peerDependencies": {
        "graphology-types": ">=0.20.0"
      }
    },
    "node_modules/graphology-indices/node_modules/graphology-utils": {
      "version": "2.5.2",
      "resolved": "https://registry.npmjs.org/graphology-utils/-/graphology-utils-2.5.2.tgz",
      "integrity": "sha512-ckHg8MXrXJkOARk56ZaSCM1g1Wihe2d6iTmz1enGOz4W/l831MBCKSayeFQfowgF8wd+PQ4rlch/56Vs/VZLDQ==",
      "dev": true,
      "peerDependencies": {
        "graphology-types": ">=0.23.0"
      }
    },
    "node_modules/graphology-shortest-path": {
      "version": "2.0.2",
      "resolved": "https://registry.npmjs.org/graphology-shortest-path/-/graphology-shortest-path-2.0.2.tgz",
      "integrity": "sha512-hlGvh4Yb1Vmd2J7wT8Q8+t4RQ6Tx+9wRYm0/fZB9PZJ4uW3nml5kJ7yXZ2+JYWT+7wLLmY5mg3o9bLSAWmv/jQ==",
      "dev": true,
      "dependencies": {
        "@yomguithereal/helpers": "^1.1.1",
        "graphology-indices": "^0.17.0",
        "graphology-utils": "^2.4.3",
        "mnemonist": "^0.39.0"
      },
      "peerDependencies": {
        "graphology-types": ">=0.20.0"
      }
    },
    "node_modules/graphology-shortest-path/node_modules/graphology-utils": {
      "version": "2.5.2",
      "resolved": "https://registry.npmjs.org/graphology-utils/-/graphology-utils-2.5.2.tgz",
      "integrity": "sha512-ckHg8MXrXJkOARk56ZaSCM1g1Wihe2d6iTmz1enGOz4W/l831MBCKSayeFQfowgF8wd+PQ4rlch/56Vs/VZLDQ==",
      "dev": true,
      "peerDependencies": {
        "graphology-types": ">=0.23.0"
      }
    },
    "node_modules/graphology-simple-path": {
      "version": "0.2.0",
      "resolved": "https://registry.npmjs.org/graphology-simple-path/-/graphology-simple-path-0.2.0.tgz",
      "integrity": "sha512-4cGMWbVuJM0zlKDUx6dS6JGGLddizDPe8PsTokXVz2eTeHYg07qa5TgwIco15ta2RMM05+xy8N1mFnpS85y0kw==",
      "dev": true,
      "dependencies": {
        "graphology-utils": "^1.8.0",
        "mnemonist": "^0.39.0"
      },
      "peerDependencies": {
        "graphology-types": ">=0.20.0"
      }
    },
    "node_modules/graphology-types": {
      "version": "0.24.7",
      "resolved": "https://registry.npmjs.org/graphology-types/-/graphology-types-0.24.7.tgz",
      "integrity": "sha512-tdcqOOpwArNjEr0gNQKCXwaNCWnQJrog14nJNQPeemcLnXQUUGrsCWpWkVKt46zLjcS6/KGoayeJfHHyPDlvwA==",
      "dev": true,
      "peer": true
    },
    "node_modules/graphology-utils": {
      "version": "1.8.0",
      "resolved": "https://registry.npmjs.org/graphology-utils/-/graphology-utils-1.8.0.tgz",
      "integrity": "sha512-Pa7SW30OMm8fVtyH49b3GJ/uxlMHGfXly50wIhlcc7ZoX9ahZa7sPBz+obo4WZClrRV6wh3tIu0GJoI42eao1A==",
      "dev": true,
      "peerDependencies": {
        "graphology-types": ">=0.19.0"
      }
    },
    "node_modules/mnemonist": {
      "version": "0.39.6",
      "resolved": "https://registry.npmjs.org/mnemonist/-/mnemonist-0.39.6.tgz",
      "integrity": "sha512-A/0v5Z59y63US00cRSLiloEIw3t5G+MiKz4BhX21FI+YBJXBOGW0ohFxTxO08dsOYlzxo87T7vGfZKYp2bcAWA==",
      "dev": true,
      "dependencies": {
        "obliterator": "^2.0.1"
      }
    },
    "node_modules/obliterator": {
      "version": "2.0.4",
      "resolved": "https://registry.npmjs.org/obliterator/-/obliterator-2.0.4.tgz",
      "integrity": "sha512-lgHwxlxV1qIg1Eap7LgIeoBWIMFibOjbrYPIPJZcI1mmGAI2m3lNYpK12Y+GBdPQ0U1hRwSord7GIaawz962qQ==",
      "dev": true
    },
    "node_modules/xml-writer": {
      "version": "1.7.0",
      "resolved": "https://registry.npmjs.org/xml-writer/-/xml-writer-1.7.0.tgz",
      "integrity": "sha512-elFVMRiV5jb59fbc87zzVa0C01QLBEWP909mRuWqFqrYC5wNTH5QW4AaKMNv7d6zAsuOulkD7wnztZNLQW0Nfg==",
      "dev": true,
      "engines": {
        "node": ">=0.4.0"
      }
    }
  }
}
